
Microsoft Visual Studio Solution File, Format Version 12.00
# Visual Studio 16
Project("{FAE04EC0-301F-11D3-BF4B-00C04F79EFBC}") = "Assembly-CSharp", "Assembly-CSharp.csproj", "{99B4FEE8-7F4D-B3BD-5CCD-301B47FCD1B8}"
EndProject
Project("{FAE04EC0-301F-11D3-BF4B-00C04F79EFBC}") = "Assembly-CSharp-Editor", "Assembly-CSharp-Editor.csproj", "{CE16E60F-ACD5-6EDE-E801-DE37874A7C17}"
EndProject
Global
	GlobalSection(SolutionConfigurationPlatforms) = preSolution
		Debug|Any CPU = Debug|Any CPU
		Release|Any CPU = Release|Any CPU
	EndGlobalSection
	GlobalSection(ProjectConfigurationPlatforms) = postSolution
		{99B4FEE8-7F4D-B3BD-5CCD-301B47FCD1B8}.Debug|Any CPU.ActiveCfg = Debug|Any CPU
		{99B4FEE8-7F4D-B3BD-5CCD-301B47FCD1B8}.Debug|Any CPU.Build.0 = Debug|Any CPU
		{99B4FEE8-7F4D-B3BD-5CCD-301B47FCD1B8}.Release|Any CPU.ActiveCfg = Release|Any CPU
		{99B4FEE8-7F4D-B3BD-5CCD-301B47FCD1B8}.Release|Any CPU.Build.0 = Release|Any CPU
		{CE16E60F-ACD5-6EDE-E801-DE37874A7C17}.Debug|Any CPU.ActiveCfg = Debug|Any CPU
		{CE16E60F-ACD5-6EDE-E801-DE37874A7C17}.Debug|Any CPU.Build.0 = Debug|Any CPU
		{CE16E60F-ACD5-6EDE-E801-DE37874A7C17}.Release|Any CPU.ActiveCfg = Release|Any CPU
		{CE16E60F-ACD5-6EDE-E801-DE37874A7C17}.Release|Any CPU.Build.0 = Release|Any CPU
	EndGlobalSection
	GlobalSection(SolutionProperties) = preSolution
		HideSolutionNode = FALSE
	EndGlobalSection
EndGlobal
